<?xml version="1.0" encoding="utf-8"?>
<Project ToolsVersion="4.0" xmlns="http://schemas.microsoft.com/developer/msbuild/2003">
  <ItemGroup>
    <Filter Include="Source Files">
      <UniqueIdentifier>{4FC737F1-C7A5-4376-A066-2A32D752A2FF}</UniqueIdentifier>
      <Extensions>cpp;c;cc;cxx;def;odl;idl;hpj;bat;asm;asmx</Extensions>
    </Filter>
    <Filter Include="Header Files">
      <UniqueIdentifier>{93995380-89BD-4b04-88EB-625FBE52EBFB}</UniqueIdentifier>
      <Extensions>h;hh;hpp;hxx;hm;inl;inc;xsd</Extensions>
    </Filter>
    <Filter Include="Test Files">
      <UniqueIdentifier>{916c50b2-4a4a-424d-b39d-6ab28f1f9c8d}</UniqueIdentifier>
    </Filter>
  </ItemGroup>
  <ItemGroup>
    <None Include="src\stdio.asm">
      <Filter>Source Files</Filter>
    </None>
    <None Include="src\string.asm">
      <Filter>Source Files</Filter>
    </None>
    <None Include="src\conio.asm">
      <Filter>Source Files</Filter>
    </None>
    <None Include="src\ctype.asm">
      <Filter>Source Files</Filter>
    </None>
    <None Include="src\assert.asm">
      <Filter>Source Files</Filter>
    </None>
    <None Include="src\signal.asm">
      <Filter>Source Files</Filter>
    </None>
    <None Include="src\bios.asm">
      <Filter>Source Files</Filter>
    </None>
  </ItemGroup>
  <ItemGroup>
    <ClInclude Include="include\stdio.h">
      <Filter>Header Files</Filter>
    </ClInclude>
    <ClInclude Include="include\string.h">
      <Filter>Header Files</Filter>
    </ClInclude>
    <ClInclude Include="include\conio.h">
      <Filter>Header Files</Filter>
    </ClInclude>
    <ClInclude Include="include\ctype.h">
      <Filter>Header Files</Filter>
    </ClInclude>
    <ClInclude Include="include\assert.h">
      <Filter>Header Files</Filter>
    </ClInclude>
    <ClInclude Include="include\errno.h">
      <Filter>Header Files</Filter>
    </ClInclude>
    <ClInclude Include="include\stdbool.h">
      <Filter>Header Files</Filter>
    </ClInclude>
    <ClInclude Include="include\signal.h">
      <Filter>Header Files</Filter>
    </ClInclude>
    <ClInclude Include="include\limits.h">
      <Filter>Header Files</Filter>
    </ClInclude>
    <ClInclude Include="include\bios.h">
      <Filter>Header Files</Filter>
    </ClInclude>
  </ItemGroup>
  <ItemGroup>
    <ClCompile Include="tests\__string.c">
      <Filter>Test Files</Filter>
    </ClCompile>
    <ClCompile Include="tests\ktest.c">
      <Filter>Test Files</Filter>
    </ClCompile>
    <ClCompile Include="tests\__ctype.c">
      <Filter>Test Files</Filter>
    </ClCompile>
    <ClCompile Include="tests\__conio.c">
      <Filter>Test Files</Filter>
    </ClCompile>
  </ItemGroup>
</Project>